{
  "name": "ejercicio-3",
  "version": "1.0.0",
  "lockfileVersion": 3,
  "requires": true,
  "packages": {
    "": {
      "name": "ejercicio-3",
      "version": "1.0.0",
      "license": "ISC",
      "dependencies": {
        "logplease": "^1.2.15"
      },
      "devDependencies": {
        "nodemo": "^1.0.0"
      }
    },
    "node_modules/logplease": {
      "version": "1.2.15",
      "resolved": "https://registry.npmjs.org/logplease/-/logplease-1.2.15.tgz",
      "integrity": "sha512-jLlHnlsPSJjpwUfcNyUxXCl33AYg2cHhIf9QhGL2T4iPT0XPB+xP1LRKFPgIg1M/sg9kAJvy94w9CzBNrfnstA=="
    },
    "node_modules/nodemo": {
      "version": "1.0.0",
      "resolved": "https://registry.npmjs.org/nodemo/-/nodemo-1.0.0.tgz",
      "integrity": "sha512-INtNzVJ7JDuxYO6uGchMXRVDFKVKsGDeY16X/Izu77biLeE0+Nt1qW4zS8XRLU6en8DbSWZKxDcj2z9rNIclfw==",
      "dev": true
    }
  }
}
